Microsoft Visual Studio Solution File, Format Version 12.00
# Visual Studio Version 18
VisualStudioVersion = 18.6.11828.311
MinimumVisualStudioVersion = 10.0.40219.1
Project("{9A19103F-16F7-4668-BE54-9A1E7A4F7556}") = "LibraryService.Api", "src\LibraryService.Api\LibraryService.Api.csproj", "{7262694C-7261-5379-6572-766963652E41}"
EndProject
Project("{9A19103F-16F7-4668-BE54-9A1E7A4F7556}") = "LibraryService.UnitTests", "tests\LibraryService.UnitTests\LibraryService.UnitTests.csproj", "{7262694C-7261-5379-6572-766963652E55}"
EndProject
Project("{9A19103F-16F7-4668-BE54-9A1E7A4F7556}") = "LibraryService.IntegrationTests", "tests\LibraryService.IntegrationTests\LibraryService.IntegrationTests.csproj", "{7262694C-7261-5379-6572-766963652E49}"
EndProject
Project("{9A19103F-16F7-4668-BE54-9A1E7A4F7556}") = "LibraryService.ArchitectureTests", "tests\LibraryService.ArchitectureTests\LibraryService.ArchitectureTests.csproj", "{CEACED87-3045-4BC2-A7E6-AD4DC6FB24C2}"
EndProject
Project("{FAE04EC0-301F-11D3-BF4B-00C04F79EFBC}") = "FastCqrs", "src\FastCqrs\FastCqrs.csproj", "{18944825-2C93-973B-E506-BA6D1F65ED73}"
EndProject
Global
	GlobalSection(SolutionConfigurationPlatforms) = preSolution
		Debug|Any CPU = Debug|Any CPU
		Release|Any CPU = Release|Any CPU
	EndGlobalSection
	GlobalSection(ProjectConfigurationPlatforms) = postSolution
		{7262694C-7261-5379-6572-766963652E41}.Debug|Any CPU.ActiveCfg = Debug|Any CPU
		{7262694C-7261-5379-6572-766963652E41}.Debug|Any CPU.Build.0 = Debug|Any CPU
		{7262694C-7261-5379-6572-766963652E41}.Release|Any CPU.ActiveCfg = Release|Any CPU
		{7262694C-7261-5379-6572-766963652E41}.Release|Any CPU.Build.0 = Release|Any CPU
		{7262694C-7261-5379-6572-766963652E55}.Debug|Any CPU.ActiveCfg = Debug|Any CPU
		{7262694C-7261-5379-6572-766963652E55}.Debug|Any CPU.Build.0 = Debug|Any CPU
		{7262694C-7261-5379-6572-766963652E55}.Release|Any CPU.ActiveCfg = Release|Any CPU
		{7262694C-7261-5379-6572-766963652E55}.Release|Any CPU.Build.0 = Release|Any CPU
		{7262694C-7261-5379-6572-766963652E49}.Debug|Any CPU.ActiveCfg = Debug|Any CPU
		{7262694C-7261-5379-6572-766963652E49}.Debug|Any CPU.Build.0 = Debug|Any CPU
		{7262694C-7261-5379-6572-766963652E49}.Release|Any CPU.ActiveCfg = Release|Any CPU
		{7262694C-7261-5379-6572-766963652E49}.Release|Any CPU.Build.0 = Release|Any CPU
		{CEACED87-3045-4BC2-A7E6-AD4DC6FB24C2}.Debug|Any CPU.ActiveCfg = Debug|Any CPU
		{CEACED87-3045-4BC2-A7E6-AD4DC6FB24C2}.Debug|Any CPU.Build.0 = Debug|Any CPU
		{CEACED87-3045-4BC2-A7E6-AD4DC6FB24C2}.Release|Any CPU.ActiveCfg = Release|Any CPU
		{CEACED87-3045-4BC2-A7E6-AD4DC6FB24C2}.Release|Any CPU.Build.0 = Release|Any CPU
		{18944825-2C93-973B-E506-BA6D1F65ED73}.Debug|Any CPU.ActiveCfg = Debug|Any CPU
		{18944825-2C93-973B-E506-BA6D1F65ED73}.Debug|Any CPU.Build.0 = Debug|Any CPU
		{18944825-2C93-973B-E506-BA6D1F65ED73}.Release|Any CPU.ActiveCfg = Release|Any CPU
		{18944825-2C93-973B-E506-BA6D1F65ED73}.Release|Any CPU.Build.0 = Release|Any CPU
	EndGlobalSection
	GlobalSection(SolutionProperties) = preSolution
		HideSolutionNode = FALSE
	EndGlobalSection
	GlobalSection(ExtensibilityGlobals) = postSolution
		SolutionGuid = {7D5A3EA2-9215-411C-8A8F-6EC694BE25F8}
	EndGlobalSection
EndGlobal
